
Microsoft Visual Studio Solution File, Format Version 12.00
# Visual Studio Version 16
VisualStudioVersion = 16.0.28803.156
MinimumVisualStudioVersion = 10.0.40219.1
Project("{FAE04EC0-301F-11D3-BF4B-00C04F79EFBC}") = "UmbracoSeven.Web", "UmbracoSeven.Web\UmbracoSeven.Web.csproj", "{0934CD0A-A477-49D6-B494-6F8A6FCC8D71}"
EndProject
Global
	GlobalSection(SolutionConfigurationPlatforms) = preSolution
		Debug|Any CPU = Debug|Any CPU
		Release|Any CPU = Release|Any CPU
	EndGlobalSection
	GlobalSection(ProjectConfigurationPlatforms) = postSolution
		{0934CD0A-A477-49D6-B494-6F8A6FCC8D71}.Debug|Any CPU.ActiveCfg = Debug|Any CPU
		{0934CD0A-A477-49D6-B494-6F8A6FCC8D71}.Debug|Any CPU.Build.0 = Debug|Any CPU
		{0934CD0A-A477-49D6-B494-6F8A6FCC8D71}.Release|Any CPU.ActiveCfg = Release|Any CPU
		{0934CD0A-A477-49D6-B494-6F8A6FCC8D71}.Release|Any CPU.Build.0 = Release|Any CPU
	EndGlobalSection
	GlobalSection(SolutionProperties) = preSolution
		HideSolutionNode = FALSE
	EndGlobalSection
	GlobalSection(ExtensibilityGlobals) = postSolution
		SolutionGuid = {2B955650-94BA-44A4-80C5-47BB9DB44EB6}
	EndGlobalSection
EndGlobal
